
Microsoft Visual Studio Solution File, Format Version 12.00
# Visual Studio Version 16
VisualStudioVersion = 16.0.30320.27
MinimumVisualStudioVersion = 10.0.40219.1
Project("{8BC9CEB8-8B4A-11D0-8D11-00A0C91BC942}") = "work-20", "work-20\work-20.vcxproj", "{338977AB-93EA-4859-92EA-15777665D19F}"
EndProject
Global
	GlobalSection(SolutionConfigurationPlatforms) = preSolution
		Debug|x64 = Debug|x64
		Debug|x86 = Debug|x86
		Release|x64 = Release|x64
		Release|x86 = Release|x86
	EndGlobalSection
	GlobalSection(ProjectConfigurationPlatforms) = postSolution
		{338977AB-93EA-4859-92EA-15777665D19F}.Debug|x64.ActiveCfg = Debug|x64
		{338977AB-93EA-4859-92EA-15777665D19F}.Debug|x64.Build.0 = Debug|x64
		{338977AB-93EA-4859-92EA-15777665D19F}.Debug|x86.ActiveCfg = Debug|Win32
		{338977AB-93EA-4859-92EA-15777665D19F}.Debug|x86.Build.0 = Debug|Win32
		{338977AB-93EA-4859-92EA-15777665D19F}.Release|x64.ActiveCfg = Release|x64
		{338977AB-93EA-4859-92EA-15777665D19F}.Release|x64.Build.0 = Release|x64
		{338977AB-93EA-4859-92EA-15777665D19F}.Release|x86.ActiveCfg = Release|Win32
		{338977AB-93EA-4859-92EA-15777665D19F}.Release|x86.Build.0 = Release|Win32
	EndGlobalSection
	GlobalSection(SolutionProperties) = preSolution
		HideSolutionNode = FALSE
	EndGlobalSection
	GlobalSection(ExtensibilityGlobals) = postSolution
		SolutionGuid = {86C2D60C-DA34-4E11-9A61-847D3474AB61}
	EndGlobalSection
EndGlobal
